# appenv-requirements-hash: 74d5bb54e4d2a63186008bba11682322569972db5811e81bf41bc371ed891342
-e ../../
ConfigUpdater==3.2
Jinja2==3.1.5
MarkupSafe==3.0.2
PyYAML==6.0.2
bcrypt==4.2.1
certifi==2025.1.31
cffi==1.17.1
charset-normalizer==3.4.1
cryptography==44.0.1
execnet==2.1.1
idna==3.10
importlib_metadata==8.6.1
importlib_resources==6.5.2
py==1.11.0
pycparser==2.22
pyrage==1.2.4
remote-pdb==2.1.0
requests==2.32.3
setuptools==75.8.0
urllib3==2.3.0
zipp==3.21.0
