# appenv-requirements-hash: c3910787f9454456670405d816954ab6cde3b6a7dcd37bfe1f054cea0e9f2f42
-e ../../
ConfigUpdater==3.2
Jinja2==3.1.6
MarkupSafe==3.0.3
PyYAML==6.0.3
certifi==2026.1.4
charset-normalizer==3.4.4
execnet==2.1.2
idna==3.11
importlib_metadata==8.7.1
importlib_resources==6.5.2
py==1.11.0
remote-pdb==2.1.0
requests==2.32.5
setuptools==80.10.1
urllib3==2.6.3
zipp==3.23.0
