# appenv-requirements-hash: d8dc5b2631684ccc180bda90147e88284d98e208aabd4cfbdece792197a9511b
-e ../../../../
ConfigUpdater==3.2
Jinja2==3.1.6
MarkupSafe==3.0.2
PyYAML==6.0.2
certifi==2025.6.15
charset-normalizer==3.4.2
execnet==2.1.1
idna==3.10
importlib_metadata==8.7.0
importlib_resources==6.5.2
py==1.11.0
remote-pdb==2.1.0
requests==2.32.4
setuptools==80.9.0
urllib3==2.5.0
zipp==3.23.0
